
Microsoft Visual Studio Solution File, Format Version 12.00
# Visual Studio Version 17
VisualStudioVersion = 17.8.34330.188
MinimumVisualStudioVersion = 10.0.40219.1
Project("{9A19103F-16F7-4668-BE54-9A1E7A4F7556}") = "PathAnalyzer", "PathAnalyzer.csproj", "{F14B1408-FC57-4D7D-85E7-EDF7EF42CDE8}"
EndProject
Project("{9A19103F-16F7-4668-BE54-9A1E7A4F7556}") = "Runner", "..\runner\Runner.csproj", "{C6AD6D12-0AC8-4C53-9E45-BA92D2987E4E}"
EndProject
Global
	GlobalSection(SolutionConfigurationPlatforms) = preSolution
		Debug|Any CPU = Debug|Any CPU
		Release|Any CPU = Release|Any CPU
	EndGlobalSection
	GlobalSection(ProjectConfigurationPlatforms) = postSolution
		{F14B1408-FC57-4D7D-85E7-EDF7EF42CDE8}.Debug|Any CPU.ActiveCfg = Debug|Any CPU
		{F14B1408-FC57-4D7D-85E7-EDF7EF42CDE8}.Debug|Any CPU.Build.0 = Debug|Any CPU
		{F14B1408-FC57-4D7D-85E7-EDF7EF42CDE8}.Release|Any CPU.ActiveCfg = Release|Any CPU
		{F14B1408-FC57-4D7D-85E7-EDF7EF42CDE8}.Release|Any CPU.Build.0 = Release|Any CPU
		{C6AD6D12-0AC8-4C53-9E45-BA92D2987E4E}.Debug|Any CPU.ActiveCfg = Debug|Any CPU
		{C6AD6D12-0AC8-4C53-9E45-BA92D2987E4E}.Debug|Any CPU.Build.0 = Debug|Any CPU
		{C6AD6D12-0AC8-4C53-9E45-BA92D2987E4E}.Release|Any CPU.ActiveCfg = Release|Any CPU
		{C6AD6D12-0AC8-4C53-9E45-BA92D2987E4E}.Release|Any CPU.Build.0 = Release|Any CPU
	EndGlobalSection
	GlobalSection(SolutionProperties) = preSolution
		HideSolutionNode = FALSE
	EndGlobalSection
	GlobalSection(ExtensibilityGlobals) = postSolution
		SolutionGuid = {175249EC-D75B-4515-BCFA-4B7D2A423685}
	EndGlobalSection
EndGlobal
